
Microsoft Visual Studio Solution File, Format Version 12.00
# Visual Studio 14
VisualStudioVersion = 14.0.25420.1
MinimumVisualStudioVersion = 10.0.40219.1
Project("{2150E333-8FDC-42A3-9474-1A3956D46DE8}") = "src", "src", "{39E2F104-935D-4A3A-A77E-B4A02A7E2237}"
EndProject
Project("{2150E333-8FDC-42A3-9474-1A3956D46DE8}") = "Solution Items", "Solution Items", "{44EE4FB9-1135-4D16-B9CA-C2D3DEB62F28}"
	ProjectSection(SolutionItems) = preProject
		global.json = global.json
	EndProjectSection
EndProject
Project("{8BB2217D-0F2D-49D1-97BC-3654ED321F3B}") = "YiBan-Light-Lib", "src\YiBan-Light\YiBan-Light-Lib.xproj", "{C0578B5F-B965-4242-AAE0-79A5784E1907}"
EndProject
Project("{8BB2217D-0F2D-49D1-97BC-3654ED321F3B}") = "YiBan-Light-Console", "src\YiBan-Light-Console\YiBan-Light-Console.xproj", "{37D92481-5768-4333-AA0A-C5469C9B8E40}"
EndProject
Global
	GlobalSection(SolutionConfigurationPlatforms) = preSolution
		Debug|Any CPU = Debug|Any CPU
		Release|Any CPU = Release|Any CPU
	EndGlobalSection
	GlobalSection(ProjectConfigurationPlatforms) = postSolution
		{C0578B5F-B965-4242-AAE0-79A5784E1907}.Debug|Any CPU.ActiveCfg = Debug|Any CPU
		{C0578B5F-B965-4242-AAE0-79A5784E1907}.Debug|Any CPU.Build.0 = Debug|Any CPU
		{C0578B5F-B965-4242-AAE0-79A5784E1907}.Release|Any CPU.ActiveCfg = Release|Any CPU
		{C0578B5F-B965-4242-AAE0-79A5784E1907}.Release|Any CPU.Build.0 = Release|Any CPU
		{37D92481-5768-4333-AA0A-C5469C9B8E40}.Debug|Any CPU.ActiveCfg = Debug|Any CPU
		{37D92481-5768-4333-AA0A-C5469C9B8E40}.Debug|Any CPU.Build.0 = Debug|Any CPU
		{37D92481-5768-4333-AA0A-C5469C9B8E40}.Release|Any CPU.ActiveCfg = Release|Any CPU
		{37D92481-5768-4333-AA0A-C5469C9B8E40}.Release|Any CPU.Build.0 = Release|Any CPU
	EndGlobalSection
	GlobalSection(SolutionProperties) = preSolution
		HideSolutionNode = FALSE
	EndGlobalSection
	GlobalSection(NestedProjects) = preSolution
		{C0578B5F-B965-4242-AAE0-79A5784E1907} = {39E2F104-935D-4A3A-A77E-B4A02A7E2237}
		{37D92481-5768-4333-AA0A-C5469C9B8E40} = {39E2F104-935D-4A3A-A77E-B4A02A7E2237}
	EndGlobalSection
EndGlobal
